// !$*UTF8*$!
{
	archiveVersion = 1;
	classes = {
	};
	objectVersion = 46;
	objects = {

/* Begin PBXBuildFile section */
		EC7FD3771B57F73900911A95 /* main.m in Sources */ = {isa = PBXBuildFile; fileRef = EC7FD3761B57F73900911A95 /* main.m */; };
		EC7FD37A1B57F73900911A95 /* AppDelegate.m in Sources */ = {isa = PBXBuildFile; fileRef = EC7FD3791B57F73900911A95 /* AppDelegate.m */; };
		EC7FD37D1B57F73900911A95 /* GuruCrafter.xcdatamodeld in Sources */ = {isa = PBXBuildFile; fileRef = EC7FD37B1B57F73900911A95 /* GuruCrafter.xcdatamodeld */; };
		EC7FD3801B57F73900911A95 /* ViewController.m in Sources */ = {isa = PBXBuildFile; fileRef = EC7FD37F1B57F73900911A95 /* ViewController.m */; };
		EC7FD3831B57F73900911A95 /* Main.storyboard in Resources */ = {isa = PBXBuildFile; fileRef = EC7FD3811B57F73900911A95 /* Main.storyboard */; };
		EC7FD3851B57F73900911A95 /* Images.xcassets in Resources */ = {isa = PBXBuildFile; fileRef = EC7FD3841B57F73900911A95 /* Images.xcassets */; };
		EC7FD3881B57F73900911A95 /* LaunchScreen.xib in Resources */ = {isa = PBXBuildFile; fileRef = EC7FD3861B57F73900911A95 /* LaunchScreen.xib */; };
		EC7FD3941B57F73900911A95 /* GuruCrafterTests.m in Sources */ = {isa = PBXBuildFile; fileRef = EC7FD3931B57F73900911A95 /* GuruCrafterTests.m */; };
/* End PBXBuildFile section */

/* Begin PBXContainerItemProxy section */
		EC7FD38E1B57F73900911A95 /* PBXContainerItemProxy */ = {
			isa = PBXContainerItemProxy;
			containerPortal = EC7FD3691B57F73900911A95 /* Project object */;
			proxyType = 1;
			remoteGlobalIDString = EC7FD3701B57F73900911A95;
			remoteInfo = GuruCrafter;
		};
/* End PBXContainerItemProxy section */

/* Begin PBXFileReference section */
		EC7FD3711B57F73900911A95 /* GuruCrafter.app */ = {isa = PBXFileReference; explicitFileType = wrapper.application; includeInIndex = 0; path = GuruCrafter.app; sourceTree = BUILT_PRODUCTS_DIR; };
		EC7FD3751B57F73900911A95 /* Info.plist */ = {isa = PBXFileReference; lastKnownFileType = text.plist.xml; path = Info.plist; sourceTree = "<group>"; };
		EC7FD3761B57F73900911A95 /* main.m */ = {isa = PBXFileReference; lastKnownFileType = sourcecode.c.objc; path = main.m; sourceTree = "<group>"; };
		EC7FD3781B57F73900911A95 /* AppDelegate.h */ = {isa = PBXFileReference; lastKnownFileType = sourcecode.c.h; path = AppDelegate.h; sourceTree = "<group>"; };
		EC7FD3791B57F73900911A95 /* AppDelegate.m */ = {isa = PBXFileReference; lastKnownFileType = sourcecode.c.objc; path = AppDelegate.m; sourceTree = "<group>"; };
		EC7FD37C1B57F73900911A95 /* GuruCrafter.xcdatamodel */ = {isa = PBXFileReference; lastKnownFileType = wrapper.xcdatamodel; path = GuruCrafter.xcdatamodel; sourceTree = "<group>"; };
		EC7FD37E1B57F73900911A95 /* ViewController.h */ = {isa = PBXFileReference; lastKnownFileType = sourcecode.c.h; path = ViewController.h; sourceTree = "<group>"; };
		EC7FD37F1B57F73900911A95 /* ViewController.m */ = {isa = PBXFileReference; lastKnownFileType = sourcecode.c.objc; path = ViewController.m; sourceTree = "<group>"; };
		EC7FD3821B57F73900911A95 /* Base */ = {isa = PBXFileReference; lastKnownFileType = file.storyboard; name = Base; path = Base.lproj/Main.storyboard; sourceTree = "<group>"; };
		EC7FD3841B57F73900911A95 /* Images.xcassets */ = {isa = PBXFileReference; lastKnownFileType = folder.assetcatalog; path = Images.xcassets; sourceTree = "<group>"; };
		EC7FD3871B57F73900911A95 /* Base */ = {isa = PBXFileReference; lastKnownFileType = file.xib; name = Base; path = Base.lproj/LaunchScreen.xib; sourceTree = "<group>"; };
		EC7FD38D1B57F73900911A95 /* GuruCrafterTests.xctest */ = {isa = PBXFileReference; explicitFileType = wrapper.cfbundle; includeInIndex = 0; path = GuruCrafterTests.xctest; sourceTree = BUILT_PRODUCTS_DIR; };
		EC7FD3921B57F73900911A95 /* Info.plist */ = {isa = PBXFileReference; lastKnownFileType = text.plist.xml; path = Info.plist; sourceTree = "<group>"; };
		EC7FD3931B57F73900911A95 /* GuruCrafterTests.m */ = {isa = PBXFileReference; lastKnownFileType = sourcecode.c.objc; path = GuruCrafterTests.m; sourceTree = "<group>"; };
/* End PBXFileReference section */

/* Begin PBXFrameworksBuildPhase section */
		EC7FD36E1B57F73900911A95 /* Frameworks */ = {
			isa = PBXFrameworksBuildPhase;
			buildActionMask = 2147483647;
			files = (
			);
			runOnlyForDeploymentPostprocessing = 0;
		};
		EC7FD38A1B57F73900911A95 /* Frameworks */ = {
			isa = PBXFrameworksBuildPhase;
			buildActionMask = 2147483647;
			files = (
			);
			runOnlyForDeploymentPostprocessing = 0;
		};
/* End PBXFrameworksBuildPhase section */

/* Begin PBXGroup section */
		EC7FD3681B57F73900911A95 = {
			isa = PBXGroup;
			children = (
				EC7FD3731B57F73900911A95 /* GuruCrafter */,
				EC7FD3901B57F73900911A95 /* GuruCrafterTests */,
				EC7FD3721B57F73900911A95 /* Products */,
			);
			sourceTree = "<group>";
		};
		EC7FD3721B57F73900911A95 /* Products */ = {
			isa = PBXGroup;
			children = (
				EC7FD3711B57F73900911A95 /* GuruCrafter.app */,
				EC7FD38D1B57F73900911A95 /* GuruCrafterTests.xctest */,
			);
			name = Products;
			sourceTree = "<group>";
		};
		EC7FD3731B57F73900911A95 /* GuruCrafter */ = {
			isa = PBXGroup;
			children = (
				EC7FD3781B57F73900911A95 /* AppDelegate.h */,
				EC7FD3791B57F73900911A95 /* AppDelegate.m */,
				EC7FD37E1B57F73900911A95 /* ViewController.h */,
				EC7FD37F1B57F73900911A95 /* ViewController.m */,
				EC7FD3811B57F73900911A95 /* Main.storyboard */,
				EC7FD3841B57F73900911A95 /* Images.xcassets */,
				EC7FD3861B57F73900911A95 /* LaunchScreen.xib */,
				EC7FD37B1B57F73900911A95 /* GuruCrafter.xcdatamodeld */,
				EC7FD3741B57F73900911A95 /* Supporting Files */,
			);
			path = GuruCrafter;
			sourceTree = "<group>";
		};
		EC7FD3741B57F73900911A95 /* Supporting Files */ = {
			isa = PBXGroup;
			children = (
				EC7FD3751B57F73900911A95 /* Info.plist */,
				EC7FD3761B57F73900911A95 /* main.m */,
			);
			name = "Supporting Files";
			sourceTree = "<group>";
		};
		EC7FD3901B57F73900911A95 /* GuruCrafterTests */ = {
			isa = PBXGroup;
			children = (
				EC7FD3931B57F73900911A95 /* GuruCrafterTests.m */,
				EC7FD3911B57F73900911A95 /* Supporting Files */,
			);
			path = GuruCrafterTests;
			sourceTree = "<group>";
		};
		EC7FD3911B57F73900911A95 /* Supporting Files */ = {
			isa = PBXGroup;
			children = (
				EC7FD3921B57F73900911A95 /* Info.plist */,
			);
			name = "Supporting Files";
			sourceTree = "<group>";
		};
/* End PBXGroup section */

/* Begin PBXNativeTarget section */
		EC7FD3701B57F73900911A95 /* GuruCrafter */ = {
			isa = PBXNativeTarget;
			buildConfigurationList = EC7FD3971B57F73900911A95 /* Build configuration list for PBXNativeTarget "GuruCrafter" */;
			buildPhases = (
				EC7FD36D1B57F73900911A95 /* Sources */,
				EC7FD36E1B57F73900911A95 /* Frameworks */,
				EC7FD36F1B57F73900911A95 /* Resources */,
			);
			buildRules = (
			);
			dependencies = (
			);
			name = GuruCrafter;
			productName = GuruCrafter;
			productReference = EC7FD3711B57F73900911A95 /* GuruCrafter.app */;
			productType = "com.apple.product-type.application";
		};
		EC7FD38C1B57F73900911A95 /* GuruCrafterTests */ = {
			isa = PBXNativeTarget;
			buildConfigurationList = EC7FD39A1B57F73900911A95 /* Build configuration list for PBXNativeTarget "GuruCrafterTests" */;
			buildPhases = (
				EC7FD3891B57F73900911A95 /* Sources */,
				EC7FD38A1B57F73900911A95 /* Frameworks */,
				EC7FD38B1B57F73900911A95 /* Resources */,
			);
			buildRules = (
			);
			dependencies = (
				EC7FD38F1B57F73900911A95 /* PBXTargetDependency */,
			);
			name = GuruCrafterTests;
			productName = GuruCrafterTests;
			productReference = EC7FD38D1B57F73900911A95 /* GuruCrafterTests.xctest */;
			productType = "com.apple.product-type.bundle.unit-test";
		};
/* End PBXNativeTarget section */

/* Begin PBXProject section */
		EC7FD3691B57F73900911A95 /* Project object */ = {
			isa = PBXProject;
			attributes = {
				LastUpgradeCheck = 0640;
				ORGANIZATIONNAME = "Pasko Eugene";
				TargetAttributes = {
					EC7FD3701B57F73900911A95 = {
						CreatedOnToolsVersion = 6.4;
					};
					EC7FD38C1B57F73900911A95 = {
						CreatedOnToolsVersion = 6.4;
						TestTargetID = EC7FD3701B57F73900911A95;
					};
				};
			};
			buildConfigurationList = EC7FD36C1B57F73900911A95 /* Build configuration list for PBXProject "GuruCrafter" */;
			compatibilityVersion = "Xcode 3.2";
			developmentRegion = English;
			hasScannedForEncodings = 0;
			knownRegions = (
				en,
				Base,
			);
			mainGroup = EC7FD3681B57F73900911A95;
			productRefGroup = EC7FD3721B57F73900911A95 /* Products */;
			projectDirPath = "";
			projectRoot = "";
			targets = (
				EC7FD3701B57F73900911A95 /* GuruCrafter */,
				EC7FD38C1B57F73900911A95 /* GuruCrafterTests */,
			);
		};
/* End PBXProject section */

/* Begin PBXResourcesBuildPhase section */
		EC7FD36F1B57F73900911A95 /* Resources */ = {
			isa = PBXResourcesBuildPhase;
			buildActionMask = 2147483647;
			files = (
				EC7FD3831B57F73900911A95 /* Main.storyboard in Resources */,
				EC7FD3881B57F73900911A95 /* LaunchScreen.xib in Resources */,
				EC7FD3851B57F73900911A95 /* Images.xcassets in Resources */,
			);
			runOnlyForDeploymentPostprocessing = 0;
		};
		EC7FD38B1B57F73900911A95 /* Resources */ = {
			isa = PBXResourcesBuildPhase;
			buildActionMask = 2147483647;
			files = (
			);
			runOnlyForDeploymentPostprocessing = 0;
		};
/* End PBXResourcesBuildPhase section */

/* Begin PBXSourcesBuildPhase section */
		EC7FD36D1B57F73900911A95 /* Sources */ = {
			isa = PBXSourcesBuildPhase;
			buildActionMask = 2147483647;
			files = (
				EC7FD37A1B57F73900911A95 /* AppDelegate.m in Sources */,
				EC7FD3771B57F73900911A95 /* main.m in Sources */,
				EC7FD3801B57F73900911A95 /* ViewController.m in Sources */,
				EC7FD37D1B57F73900911A95 /* GuruCrafter.xcdatamodeld in Sources */,
			);
			runOnlyForDeploymentPostprocessing = 0;
		};
		EC7FD3891B57F73900911A95 /* Sources */ = {
			isa = PBXSourcesBuildPhase;
			buildActionMask = 2147483647;
			files = (
				EC7FD3941B57F73900911A95 /* GuruCrafterTests.m in Sources */,
			);
			runOnlyForDeploymentPostprocessing = 0;
		};
/* End PBXSourcesBuildPhase section */

/* Begin PBXTargetDependency section */
		EC7FD38F1B57F73900911A95 /* PBXTargetDependency */ = {
			isa = PBXTargetDependency;
			target = EC7FD3701B57F73900911A95 /* GuruCrafter */;
			targetProxy = EC7FD38E1B57F73900911A95 /* PBXContainerItemProxy */;
		};
/* End PBXTargetDependency section */

/* Begin PBXVariantGroup section */
		EC7FD3811B57F73900911A95 /* Main.storyboard */ = {
			isa = PBXVariantGroup;
			children = (
				EC7FD3821B57F73900911A95 /* Base */,
			);
			name = Main.storyboard;
			sourceTree = "<group>";
		};
		EC7FD3861B57F73900911A95 /* LaunchScreen.xib */ = {
			isa = PBXVariantGroup;
			children = (
				EC7FD3871B57F73900911A95 /* Base */,
			);
			name = LaunchScreen.xib;
			sourceTree = "<group>";
		};
/* End PBXVariantGroup section */

/* Begin XCBuildConfiguration section */
		EC7FD3951B57F73900911A95 /* Debug */ = {
			isa = XCBuildConfiguration;
			buildSettings = {
				ALWAYS_SEARCH_USER_PATHS = NO;
				CLANG_CXX_LANGUAGE_STANDARD = "gnu++0x";
				CLANG_CXX_LIBRARY = "libc++";
				CLANG_ENABLE_MODULES = YES;
				CLANG_ENABLE_OBJC_ARC = YES;
				CLANG_WARN_BOOL_CONVERSION = YES;
				CLANG_WARN_CONSTANT_CONVERSION = YES;
				CLANG_WARN_DIRECT_OBJC_ISA_USAGE = YES_ERROR;
				CLANG_WARN_EMPTY_BODY = YES;
				CLANG_WARN_ENUM_CONVERSION = YES;
				CLANG_WARN_INT_CONVERSION = YES;
				CLANG_WARN_OBJC_ROOT_CLASS = YES_ERROR;
				CLANG_WARN_UNREACHABLE_CODE = YES;
				CLANG_WARN__DUPLICATE_METHOD_MATCH = YES;
				"CODE_SIGN_IDENTITY[sdk=iphoneos*]" = "iPhone Developer";
				COPY_PHASE_STRIP = NO;
				DEBUG_INFORMATION_FORMAT = "dwarf-with-dsym";
				ENABLE_STRICT_OBJC_MSGSEND = YES;
				GCC_C_LANGUAGE_STANDARD = gnu99;
				GCC_DYNAMIC_NO_PIC = NO;
				GCC_NO_COMMON_BLOCKS = YES;
				GCC_OPTIMIZATION_LEVEL = 0;
				GCC_PREPROCESSOR_DEFINITIONS = (
					"DEBUG=1",
					"$(inherited)",
				);
				GCC_SYMBOLS_PRIVATE_EXTERN = NO;
				GCC_WARN_64_TO_32_BIT_CONVERSION = YES;
				GCC_WARN_ABOUT_RETURN_TYPE = YES_ERROR;
				GCC_WARN_UNDECLARED_SELECTOR = YES;
				GCC_WARN_UNINITIALIZED_AUTOS = YES_AGGRESSIVE;
				GCC_WARN_UNUSED_FUNCTION = YES;
				GCC_WARN_UNUSED_VARIABLE = YES;
				IPHONEOS_DEPLOYMENT_TARGET = 8.4;
				MTL_ENABLE_DEBUG_INFO = YES;
				ONLY_ACTIVE_ARCH = YES;
				SDKROOT = iphoneos;
			};
			name = Debug;
		};
		EC7FD3961B57F73900911A95 /* Release */ = {
			isa = XCBuildConfiguration;
			buildSettings = {
				ALWAYS_SEARCH_USER_PATHS = NO;
				CLANG_CXX_LANGUAGE_STANDARD = "gnu++0x";
				CLANG_CXX_LIBRARY = "libc++";
				CLANG_ENABLE_MODULES = YES;
				CLANG_ENABLE_OBJC_ARC = YES;
				CLANG_WARN_BOOL_CONVERSION = YES;
				CLANG_WARN_CONSTANT_CONVERSION = YES;
				CLANG_WARN_DIRECT_OBJC_ISA_USAGE = YES_ERROR;
				CLANG_WARN_EMPTY_BODY = YES;
				CLANG_WARN_ENUM_CONVERSION = YES;
				CLANG_WARN_INT_CONVERSION = YES;
				CLANG_WARN_OBJC_ROOT_CLASS = YES_ERROR;
				CLANG_WARN_UNREACHABLE_CODE = YES;
				CLANG_WARN__DUPLICATE_METHOD_MATCH = YES;
				"CODE_SIGN_IDENTITY[sdk=iphoneos*]" = "iPhone Developer";
				COPY_PHASE_STRIP = NO;
				DEBUG_INFORMATION_FORMAT = "dwarf-with-dsym";
				ENABLE_NS_ASSERTIONS = NO;
				ENABLE_STRICT_OBJC_MSGSEND = YES;
				GCC_C_LANGUAGE_STANDARD = gnu99;
				GCC_NO_COMMON_BLOCKS = YES;
				GCC_WARN_64_TO_32_BIT_CONVERSION = YES;
				GCC_WARN_ABOUT_RETURN_TYPE = YES_ERROR;
				GCC_WARN_UNDECLARED_SELECTOR = YES;
				GCC_WARN_UNINITIALIZED_AUTOS = YES_AGGRESSIVE;
				GCC_WARN_UNUSED_FUNCTION = YES;
				GCC_WARN_UNUSED_VARIABLE = YES;
				IPHONEOS_DEPLOYMENT_TARGET = 8.4;
				MTL_ENABLE_DEBUG_INFO = NO;
				SDKROOT = iphoneos;
				VALIDATE_PRODUCT = YES;
			};
			name = Release;
		};
		EC7FD3981B57F73900911A95 /* Debug */ = {
			isa = XCBuildConfiguration;
			buildSettings = {
				ASSETCATALOG_COMPILER_APPICON_NAME = AppIcon;
				INFOPLIST_FILE = GuruCrafter/Info.plist;
				LD_RUNPATH_SEARCH_PATHS = "$(inherited) @executable_path/Frameworks";
				PRODUCT_NAME = "$(TARGET_NAME)";
			};
			name = Debug;
		};
		EC7FD3991B57F73900911A95 /* Release */ = {
			isa = XCBuildConfiguration;
			buildSettings = {
				ASSETCATALOG_COMPILER_APPICON_NAME = AppIcon;
				INFOPLIST_FILE = GuruCrafter/Info.plist;
				LD_RUNPATH_SEARCH_PATHS = "$(inherited) @executable_path/Frameworks";
				PRODUCT_NAME = "$(TARGET_NAME)";
			};
			name = Release;
		};
		EC7FD39B1B57F73900911A95 /* Debug */ = {
			isa = XCBuildConfiguration;
			buildSettings = {
				BUNDLE_LOADER = "$(TEST_HOST)";
				FRAMEWORK_SEARCH_PATHS = (
					"$(SDKROOT)/Developer/Library/Frameworks",
					"$(inherited)",
				);
				GCC_PREPROCESSOR_DEFINITIONS = (
					"DEBUG=1",
					"$(inherited)",
				);
				INFOPLIST_FILE = GuruCrafterTests/Info.plist;
				LD_RUNPATH_SEARCH_PATHS = "$(inherited) @executable_path/Frameworks @loader_path/Frameworks";
				PRODUCT_NAME = "$(TARGET_NAME)";
				TEST_HOST = "$(BUILT_PRODUCTS_DIR)/GuruCrafter.app/GuruCrafter";
			};
			name = Debug;
		};
		EC7FD39C1B57F73900911A95 /* Release */ = {
			isa = XCBuildConfiguration;
			buildSettings = {
				BUNDLE_LOADER = "$(TEST_HOST)";
				FRAMEWORK_SEARCH_PATHS = (
					"$(SDKROOT)/Developer/Library/Frameworks",
					"$(inherited)",
				);
				INFOPLIST_FILE = GuruCrafterTests/Info.plist;
				LD_RUNPATH_SEARCH_PATHS = "$(inherited) @executable_path/Frameworks @loader_path/Frameworks";
				PRODUCT_NAME = "$(TARGET_NAME)";
				TEST_HOST = "$(BUILT_PRODUCTS_DIR)/GuruCrafter.app/GuruCrafter";
			};
			name = Release;
		};
/* End XCBuildConfiguration section */

/* Begin XCConfigurationList section */
		EC7FD36C1B57F73900911A95 /* Build configuration list for PBXProject "GuruCrafter" */ = {
			isa = XCConfigurationList;
			buildConfigurations = (
				EC7FD3951B57F73900911A95 /* Debug */,
				EC7FD3961B57F73900911A95 /* Release */,
			);
			defaultConfigurationIsVisible = 0;
			defaultConfigurationName = Release;
		};
		EC7FD3971B57F73900911A95 /* Build configuration list for PBXNativeTarget "GuruCrafter" */ = {
			isa = XCConfigurationList;
			buildConfigurations = (
				EC7FD3981B57F73900911A95 /* Debug */,
				EC7FD3991B57F73900911A95 /* Release */,
			);
			defaultConfigurationIsVisible = 0;
		};
		EC7FD39A1B57F73900911A95 /* Build configuration list for PBXNativeTarget "GuruCrafterTests" */ = {
			isa = XCConfigurationList;
			buildConfigurations = (
				EC7FD39B1B57F73900911A95 /* Debug */,
				EC7FD39C1B57F73900911A95 /* Release */,
			);
			defaultConfigurationIsVisible = 0;
		};
/* End XCConfigurationList section */

/* Begin XCVersionGroup section */
		EC7FD37B1B57F73900911A95 /* GuruCrafter.xcdatamodeld */ = {
			isa = XCVersionGroup;
			children = (
				EC7FD37C1B57F73900911A95 /* GuruCrafter.xcdatamodel */,
			);
			currentVersion = EC7FD37C1B57F73900911A95 /* GuruCrafter.xcdatamodel */;
			path = GuruCrafter.xcdatamodeld;
			sourceTree = "<group>";
			versionGroupType = wrapper.xcdatamodel;
		};
/* End XCVersionGroup section */
	};
	rootObject = EC7FD3691B57F73900911A95 /* Project object */;
}
